
Microsoft Visual Studio Solution File, Format Version 12.00
# Visual Studio Version 17
VisualStudioVersion = 17.1.32228.430
MinimumVisualStudioVersion = 10.0.40219.1
Project("{FAE04EC0-301F-11D3-BF4B-00C04F79EFBC}") = "WinFormsApp1", "WinFormsApp1\WinFormsApp1.csproj", "{D411BC4A-12EF-4F26-A05D-8A6E048968C3}"
EndProject
Global
	GlobalSection(SolutionConfigurationPlatforms) = preSolution
		Debug|Any CPU = Debug|Any CPU
		Release|Any CPU = Release|Any CPU
	EndGlobalSection
	GlobalSection(ProjectConfigurationPlatforms) = postSolution
		{D411BC4A-12EF-4F26-A05D-8A6E048968C3}.Debug|Any CPU.ActiveCfg = Debug|Any CPU
		{D411BC4A-12EF-4F26-A05D-8A6E048968C3}.Debug|Any CPU.Build.0 = Debug|Any CPU
		{D411BC4A-12EF-4F26-A05D-8A6E048968C3}.Release|Any CPU.ActiveCfg = Release|Any CPU
		{D411BC4A-12EF-4F26-A05D-8A6E048968C3}.Release|Any CPU.Build.0 = Release|Any CPU
	EndGlobalSection
	GlobalSection(SolutionProperties) = preSolution
		HideSolutionNode = FALSE
	EndGlobalSection
	GlobalSection(ExtensibilityGlobals) = postSolution
		SolutionGuid = {1ED32DB8-1712-43C3-B3AD-3A58D2622871}
	EndGlobalSection
EndGlobal
