
Microsoft Visual Studio Solution File, Format Version 12.00
# Visual Studio Version 17
VisualStudioVersion = 17.1.32319.34
MinimumVisualStudioVersion = 10.0.40219.1
Project("{9A19103F-16F7-4668-BE54-9A1E7A4F7556}") = "ZooBazaarLogicLayer", "ZooBazaarLogicLayer\ZooBazaarLogicLayer.csproj", "{ABE652EF-CE7F-4441-886E-903799537883}"
EndProject
Project("{9A19103F-16F7-4668-BE54-9A1E7A4F7556}") = "ZooBazaarDataLayer", "ZooBazaarDataLayer\ZooBazaarDataLayer.csproj", "{8B871585-DDB5-448B-AE8B-7FF5AB7000E1}"
EndProject
Project("{9A19103F-16F7-4668-BE54-9A1E7A4F7556}") = "ZooBazaarDesktop", "ZooBazaarDesktop\ZooBazaarDesktop.csproj", "{8B8D1311-236A-40B3-9765-65510C1DDF82}"
EndProject
Project("{9A19103F-16F7-4668-BE54-9A1E7A4F7556}") = "ZooBazaarWebsite", "ZooBazaarWebsite\ZooBazaarWebsite.csproj", "{DD3A7B83-5F13-4153-A612-75375988A458}"
EndProject
Global
	GlobalSection(SolutionConfigurationPlatforms) = preSolution
		Debug|Any CPU = Debug|Any CPU
		Release|Any CPU = Release|Any CPU
	EndGlobalSection
	GlobalSection(ProjectConfigurationPlatforms) = postSolution
		{ABE652EF-CE7F-4441-886E-903799537883}.Debug|Any CPU.ActiveCfg = Debug|Any CPU
		{ABE652EF-CE7F-4441-886E-903799537883}.Debug|Any CPU.Build.0 = Debug|Any CPU
		{ABE652EF-CE7F-4441-886E-903799537883}.Release|Any CPU.ActiveCfg = Release|Any CPU
		{ABE652EF-CE7F-4441-886E-903799537883}.Release|Any CPU.Build.0 = Release|Any CPU
		{8B871585-DDB5-448B-AE8B-7FF5AB7000E1}.Debug|Any CPU.ActiveCfg = Debug|Any CPU
		{8B871585-DDB5-448B-AE8B-7FF5AB7000E1}.Debug|Any CPU.Build.0 = Debug|Any CPU
		{8B871585-DDB5-448B-AE8B-7FF5AB7000E1}.Release|Any CPU.ActiveCfg = Release|Any CPU
		{8B871585-DDB5-448B-AE8B-7FF5AB7000E1}.Release|Any CPU.Build.0 = Release|Any CPU
		{8B8D1311-236A-40B3-9765-65510C1DDF82}.Debug|Any CPU.ActiveCfg = Debug|Any CPU
		{8B8D1311-236A-40B3-9765-65510C1DDF82}.Debug|Any CPU.Build.0 = Debug|Any CPU
		{8B8D1311-236A-40B3-9765-65510C1DDF82}.Release|Any CPU.ActiveCfg = Release|Any CPU
		{8B8D1311-236A-40B3-9765-65510C1DDF82}.Release|Any CPU.Build.0 = Release|Any CPU
		{DD3A7B83-5F13-4153-A612-75375988A458}.Debug|Any CPU.ActiveCfg = Debug|Any CPU
		{DD3A7B83-5F13-4153-A612-75375988A458}.Debug|Any CPU.Build.0 = Debug|Any CPU
		{DD3A7B83-5F13-4153-A612-75375988A458}.Release|Any CPU.ActiveCfg = Release|Any CPU
		{DD3A7B83-5F13-4153-A612-75375988A458}.Release|Any CPU.Build.0 = Release|Any CPU
	EndGlobalSection
	GlobalSection(SolutionProperties) = preSolution
		HideSolutionNode = FALSE
	EndGlobalSection
	GlobalSection(ExtensibilityGlobals) = postSolution
		SolutionGuid = {CD442F10-996C-46C6-B48A-28A3EAACC36E}
	EndGlobalSection
EndGlobal
